
Microsoft Visual Studio Solution File, Format Version 12.00
# Visual Studio Version 17
VisualStudioVersion = 17.5.002.0
MinimumVisualStudioVersion = 10.0.40219.1
Project("{2150E333-8FDC-42A3-9474-1A3956D46DE8}") = "ejercicios", "ejercicios", "{8FC78340-DCF7-4A29-8223-D6CFD9040746}"
EndProject
Project("{2150E333-8FDC-42A3-9474-1A3956D46DE8}") = "video1", "video1", "{1C6AFB7D-D0B8-4FFB-8494-D0ACA8177F6D}"
EndProject
Project("{9A19103F-16F7-4668-BE54-9A1E7A4F7556}") = "AminesApi", "ejercicios\video1\AminesApi\AminesApi.csproj", "{9E963B6B-E7BE-4590-88BE-E0191427D562}"
EndProject
Project("{2150E333-8FDC-42A3-9474-1A3956D46DE8}") = "video2", "video2", "{48E46D97-4EE4-40AA-A125-A2F68F14E79E}"
EndProject
Project("{9A19103F-16F7-4668-BE54-9A1E7A4F7556}") = "AminesApi", "ejercicios\video2\AminesApi\AminesApi.csproj", "{F06EA921-679B-4EFE-AD38-AD67955B58B8}"
EndProject
Project("{2150E333-8FDC-42A3-9474-1A3956D46DE8}") = "video4", "video4", "{2B719032-6760-43E1-BBC2-8D21A02E2C4A}"
EndProject
Project("{9A19103F-16F7-4668-BE54-9A1E7A4F7556}") = "AddAdult", "ejercicios\video4\AddAdult\AddAdult.csproj", "{786F2769-A35B-4519-BBB4-CC98FD9606F8}"
EndProject
Project("{9A19103F-16F7-4668-BE54-9A1E7A4F7556}") = "AddChildren", "ejercicios\video4\AddChildren\AddChildren.csproj", "{52CA8360-6F83-45EA-8531-84D4F4928E87}"
EndProject
Project("{9A19103F-16F7-4668-BE54-9A1E7A4F7556}") = "AddMember", "ejercicios\video4\AddMember\AddMember.csproj", "{6B365269-2E17-4CBD-A555-5EF8FC5EFE0A}"
EndProject
Project("{9A19103F-16F7-4668-BE54-9A1E7A4F7556}") = "BlobUpload", "ejercicios\video4\BlobUpload\BlobUpload.csproj", "{5418F464-A5C3-4A34-A4EE-E12206F62A44}"
EndProject
Project("{9A19103F-16F7-4668-BE54-9A1E7A4F7556}") = "GetAdultById", "ejercicios\video4\GetAdultById\GetAdultById.csproj", "{526CECBD-7A77-4E13-B86F-3769CFFC460B}"
EndProject
Project("{9A19103F-16F7-4668-BE54-9A1E7A4F7556}") = "GetAdults", "ejercicios\video4\GetAdults\GetAdults.csproj", "{BAD690B8-6C9F-4B02-B567-A971737CA577}"
EndProject
Project("{9A19103F-16F7-4668-BE54-9A1E7A4F7556}") = "GetChildById", "ejercicios\video4\GetChildById\GetChildById.csproj", "{61C92E63-91CD-4118-BB9F-56A18CE8F3A2}"
EndProject
Project("{9A19103F-16F7-4668-BE54-9A1E7A4F7556}") = "GetChildren", "ejercicios\video4\GetChildren\GetChildren.csproj", "{9B1A4FFC-DF2D-4DE5-920F-2BC492EC0E8E}"
EndProject
Project("{9A19103F-16F7-4668-BE54-9A1E7A4F7556}") = "PickAge", "ejercicios\video4\PickAge\PickAge.csproj", "{787D5587-2CA3-415D-BB8F-B834E5D372AD}"
EndProject
Global
	GlobalSection(SolutionConfigurationPlatforms) = preSolution
		Debug|Any CPU = Debug|Any CPU
		Release|Any CPU = Release|Any CPU
	EndGlobalSection
	GlobalSection(ProjectConfigurationPlatforms) = postSolution
		{9E963B6B-E7BE-4590-88BE-E0191427D562}.Debug|Any CPU.ActiveCfg = Debug|Any CPU
		{9E963B6B-E7BE-4590-88BE-E0191427D562}.Debug|Any CPU.Build.0 = Debug|Any CPU
		{9E963B6B-E7BE-4590-88BE-E0191427D562}.Release|Any CPU.ActiveCfg = Release|Any CPU
		{9E963B6B-E7BE-4590-88BE-E0191427D562}.Release|Any CPU.Build.0 = Release|Any CPU
		{F06EA921-679B-4EFE-AD38-AD67955B58B8}.Debug|Any CPU.ActiveCfg = Debug|Any CPU
		{F06EA921-679B-4EFE-AD38-AD67955B58B8}.Debug|Any CPU.Build.0 = Debug|Any CPU
		{F06EA921-679B-4EFE-AD38-AD67955B58B8}.Release|Any CPU.ActiveCfg = Release|Any CPU
		{F06EA921-679B-4EFE-AD38-AD67955B58B8}.Release|Any CPU.Build.0 = Release|Any CPU
		{786F2769-A35B-4519-BBB4-CC98FD9606F8}.Debug|Any CPU.ActiveCfg = Debug|Any CPU
		{786F2769-A35B-4519-BBB4-CC98FD9606F8}.Debug|Any CPU.Build.0 = Debug|Any CPU
		{786F2769-A35B-4519-BBB4-CC98FD9606F8}.Release|Any CPU.ActiveCfg = Release|Any CPU
		{786F2769-A35B-4519-BBB4-CC98FD9606F8}.Release|Any CPU.Build.0 = Release|Any CPU
		{52CA8360-6F83-45EA-8531-84D4F4928E87}.Debug|Any CPU.ActiveCfg = Debug|Any CPU
		{52CA8360-6F83-45EA-8531-84D4F4928E87}.Debug|Any CPU.Build.0 = Debug|Any CPU
		{52CA8360-6F83-45EA-8531-84D4F4928E87}.Release|Any CPU.ActiveCfg = Release|Any CPU
		{52CA8360-6F83-45EA-8531-84D4F4928E87}.Release|Any CPU.Build.0 = Release|Any CPU
		{6B365269-2E17-4CBD-A555-5EF8FC5EFE0A}.Debug|Any CPU.ActiveCfg = Debug|Any CPU
		{6B365269-2E17-4CBD-A555-5EF8FC5EFE0A}.Debug|Any CPU.Build.0 = Debug|Any CPU
		{6B365269-2E17-4CBD-A555-5EF8FC5EFE0A}.Release|Any CPU.ActiveCfg = Release|Any CPU
		{6B365269-2E17-4CBD-A555-5EF8FC5EFE0A}.Release|Any CPU.Build.0 = Release|Any CPU
		{5418F464-A5C3-4A34-A4EE-E12206F62A44}.Debug|Any CPU.ActiveCfg = Debug|Any CPU
		{5418F464-A5C3-4A34-A4EE-E12206F62A44}.Debug|Any CPU.Build.0 = Debug|Any CPU
		{5418F464-A5C3-4A34-A4EE-E12206F62A44}.Release|Any CPU.ActiveCfg = Release|Any CPU
		{5418F464-A5C3-4A34-A4EE-E12206F62A44}.Release|Any CPU.Build.0 = Release|Any CPU
		{526CECBD-7A77-4E13-B86F-3769CFFC460B}.Debug|Any CPU.ActiveCfg = Debug|Any CPU
		{526CECBD-7A77-4E13-B86F-3769CFFC460B}.Debug|Any CPU.Build.0 = Debug|Any CPU
		{526CECBD-7A77-4E13-B86F-3769CFFC460B}.Release|Any CPU.ActiveCfg = Release|Any CPU
		{526CECBD-7A77-4E13-B86F-3769CFFC460B}.Release|Any CPU.Build.0 = Release|Any CPU
		{BAD690B8-6C9F-4B02-B567-A971737CA577}.Debug|Any CPU.ActiveCfg = Debug|Any CPU
		{BAD690B8-6C9F-4B02-B567-A971737CA577}.Debug|Any CPU.Build.0 = Debug|Any CPU
		{BAD690B8-6C9F-4B02-B567-A971737CA577}.Release|Any CPU.ActiveCfg = Release|Any CPU
		{BAD690B8-6C9F-4B02-B567-A971737CA577}.Release|Any CPU.Build.0 = Release|Any CPU
		{61C92E63-91CD-4118-BB9F-56A18CE8F3A2}.Debug|Any CPU.ActiveCfg = Debug|Any CPU
		{61C92E63-91CD-4118-BB9F-56A18CE8F3A2}.Debug|Any CPU.Build.0 = Debug|Any CPU
		{61C92E63-91CD-4118-BB9F-56A18CE8F3A2}.Release|Any CPU.ActiveCfg = Release|Any CPU
		{61C92E63-91CD-4118-BB9F-56A18CE8F3A2}.Release|Any CPU.Build.0 = Release|Any CPU
		{9B1A4FFC-DF2D-4DE5-920F-2BC492EC0E8E}.Debug|Any CPU.ActiveCfg = Debug|Any CPU
		{9B1A4FFC-DF2D-4DE5-920F-2BC492EC0E8E}.Debug|Any CPU.Build.0 = Debug|Any CPU
		{9B1A4FFC-DF2D-4DE5-920F-2BC492EC0E8E}.Release|Any CPU.ActiveCfg = Release|Any CPU
		{9B1A4FFC-DF2D-4DE5-920F-2BC492EC0E8E}.Release|Any CPU.Build.0 = Release|Any CPU
		{787D5587-2CA3-415D-BB8F-B834E5D372AD}.Debug|Any CPU.ActiveCfg = Debug|Any CPU
		{787D5587-2CA3-415D-BB8F-B834E5D372AD}.Debug|Any CPU.Build.0 = Debug|Any CPU
		{787D5587-2CA3-415D-BB8F-B834E5D372AD}.Release|Any CPU.ActiveCfg = Release|Any CPU
		{787D5587-2CA3-415D-BB8F-B834E5D372AD}.Release|Any CPU.Build.0 = Release|Any CPU
	EndGlobalSection
	GlobalSection(SolutionProperties) = preSolution
		HideSolutionNode = FALSE
	EndGlobalSection
	GlobalSection(NestedProjects) = preSolution
		{1C6AFB7D-D0B8-4FFB-8494-D0ACA8177F6D} = {8FC78340-DCF7-4A29-8223-D6CFD9040746}
		{9E963B6B-E7BE-4590-88BE-E0191427D562} = {1C6AFB7D-D0B8-4FFB-8494-D0ACA8177F6D}
		{48E46D97-4EE4-40AA-A125-A2F68F14E79E} = {8FC78340-DCF7-4A29-8223-D6CFD9040746}
		{F06EA921-679B-4EFE-AD38-AD67955B58B8} = {48E46D97-4EE4-40AA-A125-A2F68F14E79E}
		{2B719032-6760-43E1-BBC2-8D21A02E2C4A} = {8FC78340-DCF7-4A29-8223-D6CFD9040746}
		{786F2769-A35B-4519-BBB4-CC98FD9606F8} = {2B719032-6760-43E1-BBC2-8D21A02E2C4A}
		{52CA8360-6F83-45EA-8531-84D4F4928E87} = {2B719032-6760-43E1-BBC2-8D21A02E2C4A}
		{6B365269-2E17-4CBD-A555-5EF8FC5EFE0A} = {2B719032-6760-43E1-BBC2-8D21A02E2C4A}
		{5418F464-A5C3-4A34-A4EE-E12206F62A44} = {2B719032-6760-43E1-BBC2-8D21A02E2C4A}
		{526CECBD-7A77-4E13-B86F-3769CFFC460B} = {2B719032-6760-43E1-BBC2-8D21A02E2C4A}
		{BAD690B8-6C9F-4B02-B567-A971737CA577} = {2B719032-6760-43E1-BBC2-8D21A02E2C4A}
		{61C92E63-91CD-4118-BB9F-56A18CE8F3A2} = {2B719032-6760-43E1-BBC2-8D21A02E2C4A}
		{9B1A4FFC-DF2D-4DE5-920F-2BC492EC0E8E} = {2B719032-6760-43E1-BBC2-8D21A02E2C4A}
		{787D5587-2CA3-415D-BB8F-B834E5D372AD} = {2B719032-6760-43E1-BBC2-8D21A02E2C4A}
	EndGlobalSection
	GlobalSection(ExtensibilityGlobals) = postSolution
		SolutionGuid = {1E5C47D0-BECB-49BC-B580-49A417FCE8A1}
	EndGlobalSection
EndGlobal
