
Microsoft Visual Studio Solution File, Format Version 12.00
# Visual Studio Version 17
VisualStudioVersion = 17.5.002.0
MinimumVisualStudioVersion = 10.0.40219.1
Project("{2150E333-8FDC-42A3-9474-1A3956D46DE8}") = "ejercicios", "ejercicios", "{F91F7FB5-0856-4470-A778-F81E9FD93907}"
EndProject
Project("{2150E333-8FDC-42A3-9474-1A3956D46DE8}") = "video1", "video1", "{23ACEB98-A723-4CB5-B83A-1D6ADC331160}"
EndProject
Project("{9A19103F-16F7-4668-BE54-9A1E7A4F7556}") = "AminesApi", "ejercicios\video1\AminesApi\AminesApi.csproj", "{D90239C5-7A58-4F3C-8237-A821BCBFE618}"
EndProject
Project("{2150E333-8FDC-42A3-9474-1A3956D46DE8}") = "video2", "video2", "{A9BB399D-C3F0-411C-A865-A81639597B00}"
EndProject
Project("{9A19103F-16F7-4668-BE54-9A1E7A4F7556}") = "AminesApi", "ejercicios\video2\AminesApi\AminesApi.csproj", "{3AB6FABD-C8EB-487A-AE82-96330790FC08}"
EndProject
Project("{2150E333-8FDC-42A3-9474-1A3956D46DE8}") = "video4", "video4", "{BDFD3314-D56E-48F0-B59E-67EB130DC9FC}"
EndProject
Project("{9A19103F-16F7-4668-BE54-9A1E7A4F7556}") = "AddAdult", "ejercicios\video4\AddAdult\AddAdult.csproj", "{E41FC958-BA45-45E5-A897-5196A0AD77A6}"
EndProject
Project("{9A19103F-16F7-4668-BE54-9A1E7A4F7556}") = "AddChildren", "ejercicios\video4\AddChildren\AddChildren.csproj", "{D4BB0F49-BFBF-4EAD-B286-AB4CB5A6119B}"
EndProject
Project("{9A19103F-16F7-4668-BE54-9A1E7A4F7556}") = "AddMember", "ejercicios\video4\AddMember\AddMember.csproj", "{4E89F0FB-7E07-4158-ABE9-F210AD4B4033}"
EndProject
Project("{9A19103F-16F7-4668-BE54-9A1E7A4F7556}") = "BlobUpload", "ejercicios\video4\BlobUpload\BlobUpload.csproj", "{289ABA6F-1224-4EE0-9967-35D29FE6DE4E}"
EndProject
Project("{9A19103F-16F7-4668-BE54-9A1E7A4F7556}") = "GetAdultById", "ejercicios\video4\GetAdultById\GetAdultById.csproj", "{393C3F78-B202-484B-ADCC-D9D5718212DF}"
EndProject
Project("{9A19103F-16F7-4668-BE54-9A1E7A4F7556}") = "GetAdults", "ejercicios\video4\GetAdults\GetAdults.csproj", "{62BBC8ED-6A8E-475E-AFFB-72CA8551E9BD}"
EndProject
Project("{9A19103F-16F7-4668-BE54-9A1E7A4F7556}") = "GetChildById", "ejercicios\video4\GetChildById\GetChildById.csproj", "{B161A20D-BA2D-40B6-B645-FA1DAF002D0E}"
EndProject
Project("{9A19103F-16F7-4668-BE54-9A1E7A4F7556}") = "GetChildren", "ejercicios\video4\GetChildren\GetChildren.csproj", "{3FC9F451-56B7-48EF-B5E9-85BE80025494}"
EndProject
Project("{2150E333-8FDC-42A3-9474-1A3956D46DE8}") = "video5", "video5", "{8BB71CBD-BB19-4795-B526-5569D84DC8C3}"
EndProject
Project("{9A19103F-16F7-4668-BE54-9A1E7A4F7556}") = "AddAdult", "ejercicios\video5\AddAdult\AddAdult.csproj", "{C7E3E7E7-F096-4DC4-9656-C5208A79034E}"
EndProject
Project("{9A19103F-16F7-4668-BE54-9A1E7A4F7556}") = "AddChildren", "ejercicios\video5\AddChildren\AddChildren.csproj", "{38AACF6D-7BFF-487D-85F6-C1248DBB70AD}"
EndProject
Project("{9A19103F-16F7-4668-BE54-9A1E7A4F7556}") = "AddMember", "ejercicios\video5\AddMember\AddMember.csproj", "{AB449C63-4B0C-413E-A790-9C9B95AFB892}"
EndProject
Project("{9A19103F-16F7-4668-BE54-9A1E7A4F7556}") = "BlobUpload", "ejercicios\video5\BlobUpload\BlobUpload.csproj", "{4DC5C76D-296E-4A0D-99D7-207A7A5174AB}"
EndProject
Project("{9A19103F-16F7-4668-BE54-9A1E7A4F7556}") = "GetAdultById", "ejercicios\video5\GetAdultById\GetAdultById.csproj", "{E8939231-0C0A-4155-982E-39D25E058645}"
EndProject
Project("{9A19103F-16F7-4668-BE54-9A1E7A4F7556}") = "GetAdults", "ejercicios\video5\GetAdults\GetAdults.csproj", "{CE1EB60D-7116-4341-9D92-593CD126184A}"
EndProject
Project("{9A19103F-16F7-4668-BE54-9A1E7A4F7556}") = "GetChildById", "ejercicios\video5\GetChildById\GetChildById.csproj", "{543BCB28-238E-4C32-B0D8-3481AB5CBC6B}"
EndProject
Project("{9A19103F-16F7-4668-BE54-9A1E7A4F7556}") = "GetChildren", "ejercicios\video5\GetChildren\GetChildren.csproj", "{F375D36D-6AA0-426F-8318-72557ADD06B4}"
EndProject
Global
	GlobalSection(SolutionConfigurationPlatforms) = preSolution
		Debug|Any CPU = Debug|Any CPU
		Release|Any CPU = Release|Any CPU
	EndGlobalSection
	GlobalSection(ProjectConfigurationPlatforms) = postSolution
		{D90239C5-7A58-4F3C-8237-A821BCBFE618}.Debug|Any CPU.ActiveCfg = Debug|Any CPU
		{D90239C5-7A58-4F3C-8237-A821BCBFE618}.Debug|Any CPU.Build.0 = Debug|Any CPU
		{D90239C5-7A58-4F3C-8237-A821BCBFE618}.Release|Any CPU.ActiveCfg = Release|Any CPU
		{D90239C5-7A58-4F3C-8237-A821BCBFE618}.Release|Any CPU.Build.0 = Release|Any CPU
		{3AB6FABD-C8EB-487A-AE82-96330790FC08}.Debug|Any CPU.ActiveCfg = Debug|Any CPU
		{3AB6FABD-C8EB-487A-AE82-96330790FC08}.Debug|Any CPU.Build.0 = Debug|Any CPU
		{3AB6FABD-C8EB-487A-AE82-96330790FC08}.Release|Any CPU.ActiveCfg = Release|Any CPU
		{3AB6FABD-C8EB-487A-AE82-96330790FC08}.Release|Any CPU.Build.0 = Release|Any CPU
		{E41FC958-BA45-45E5-A897-5196A0AD77A6}.Debug|Any CPU.ActiveCfg = Debug|Any CPU
		{E41FC958-BA45-45E5-A897-5196A0AD77A6}.Debug|Any CPU.Build.0 = Debug|Any CPU
		{E41FC958-BA45-45E5-A897-5196A0AD77A6}.Release|Any CPU.ActiveCfg = Release|Any CPU
		{E41FC958-BA45-45E5-A897-5196A0AD77A6}.Release|Any CPU.Build.0 = Release|Any CPU
		{D4BB0F49-BFBF-4EAD-B286-AB4CB5A6119B}.Debug|Any CPU.ActiveCfg = Debug|Any CPU
		{D4BB0F49-BFBF-4EAD-B286-AB4CB5A6119B}.Debug|Any CPU.Build.0 = Debug|Any CPU
		{D4BB0F49-BFBF-4EAD-B286-AB4CB5A6119B}.Release|Any CPU.ActiveCfg = Release|Any CPU
		{D4BB0F49-BFBF-4EAD-B286-AB4CB5A6119B}.Release|Any CPU.Build.0 = Release|Any CPU
		{4E89F0FB-7E07-4158-ABE9-F210AD4B4033}.Debug|Any CPU.ActiveCfg = Debug|Any CPU
		{4E89F0FB-7E07-4158-ABE9-F210AD4B4033}.Debug|Any CPU.Build.0 = Debug|Any CPU
		{4E89F0FB-7E07-4158-ABE9-F210AD4B4033}.Release|Any CPU.ActiveCfg = Release|Any CPU
		{4E89F0FB-7E07-4158-ABE9-F210AD4B4033}.Release|Any CPU.Build.0 = Release|Any CPU
		{289ABA6F-1224-4EE0-9967-35D29FE6DE4E}.Debug|Any CPU.ActiveCfg = Debug|Any CPU
		{289ABA6F-1224-4EE0-9967-35D29FE6DE4E}.Debug|Any CPU.Build.0 = Debug|Any CPU
		{289ABA6F-1224-4EE0-9967-35D29FE6DE4E}.Release|Any CPU.ActiveCfg = Release|Any CPU
		{289ABA6F-1224-4EE0-9967-35D29FE6DE4E}.Release|Any CPU.Build.0 = Release|Any CPU
		{393C3F78-B202-484B-ADCC-D9D5718212DF}.Debug|Any CPU.ActiveCfg = Debug|Any CPU
		{393C3F78-B202-484B-ADCC-D9D5718212DF}.Debug|Any CPU.Build.0 = Debug|Any CPU
		{393C3F78-B202-484B-ADCC-D9D5718212DF}.Release|Any CPU.ActiveCfg = Release|Any CPU
		{393C3F78-B202-484B-ADCC-D9D5718212DF}.Release|Any CPU.Build.0 = Release|Any CPU
		{62BBC8ED-6A8E-475E-AFFB-72CA8551E9BD}.Debug|Any CPU.ActiveCfg = Debug|Any CPU
		{62BBC8ED-6A8E-475E-AFFB-72CA8551E9BD}.Debug|Any CPU.Build.0 = Debug|Any CPU
		{62BBC8ED-6A8E-475E-AFFB-72CA8551E9BD}.Release|Any CPU.ActiveCfg = Release|Any CPU
		{62BBC8ED-6A8E-475E-AFFB-72CA8551E9BD}.Release|Any CPU.Build.0 = Release|Any CPU
		{B161A20D-BA2D-40B6-B645-FA1DAF002D0E}.Debug|Any CPU.ActiveCfg = Debug|Any CPU
		{B161A20D-BA2D-40B6-B645-FA1DAF002D0E}.Debug|Any CPU.Build.0 = Debug|Any CPU
		{B161A20D-BA2D-40B6-B645-FA1DAF002D0E}.Release|Any CPU.ActiveCfg = Release|Any CPU
		{B161A20D-BA2D-40B6-B645-FA1DAF002D0E}.Release|Any CPU.Build.0 = Release|Any CPU
		{3FC9F451-56B7-48EF-B5E9-85BE80025494}.Debug|Any CPU.ActiveCfg = Debug|Any CPU
		{3FC9F451-56B7-48EF-B5E9-85BE80025494}.Debug|Any CPU.Build.0 = Debug|Any CPU
		{3FC9F451-56B7-48EF-B5E9-85BE80025494}.Release|Any CPU.ActiveCfg = Release|Any CPU
		{3FC9F451-56B7-48EF-B5E9-85BE80025494}.Release|Any CPU.Build.0 = Release|Any CPU
		{C7E3E7E7-F096-4DC4-9656-C5208A79034E}.Debug|Any CPU.ActiveCfg = Debug|Any CPU
		{C7E3E7E7-F096-4DC4-9656-C5208A79034E}.Debug|Any CPU.Build.0 = Debug|Any CPU
		{C7E3E7E7-F096-4DC4-9656-C5208A79034E}.Release|Any CPU.ActiveCfg = Release|Any CPU
		{C7E3E7E7-F096-4DC4-9656-C5208A79034E}.Release|Any CPU.Build.0 = Release|Any CPU
		{38AACF6D-7BFF-487D-85F6-C1248DBB70AD}.Debug|Any CPU.ActiveCfg = Debug|Any CPU
		{38AACF6D-7BFF-487D-85F6-C1248DBB70AD}.Debug|Any CPU.Build.0 = Debug|Any CPU
		{38AACF6D-7BFF-487D-85F6-C1248DBB70AD}.Release|Any CPU.ActiveCfg = Release|Any CPU
		{38AACF6D-7BFF-487D-85F6-C1248DBB70AD}.Release|Any CPU.Build.0 = Release|Any CPU
		{AB449C63-4B0C-413E-A790-9C9B95AFB892}.Debug|Any CPU.ActiveCfg = Debug|Any CPU
		{AB449C63-4B0C-413E-A790-9C9B95AFB892}.Debug|Any CPU.Build.0 = Debug|Any CPU
		{AB449C63-4B0C-413E-A790-9C9B95AFB892}.Release|Any CPU.ActiveCfg = Release|Any CPU
		{AB449C63-4B0C-413E-A790-9C9B95AFB892}.Release|Any CPU.Build.0 = Release|Any CPU
		{4DC5C76D-296E-4A0D-99D7-207A7A5174AB}.Debug|Any CPU.ActiveCfg = Debug|Any CPU
		{4DC5C76D-296E-4A0D-99D7-207A7A5174AB}.Debug|Any CPU.Build.0 = Debug|Any CPU
		{4DC5C76D-296E-4A0D-99D7-207A7A5174AB}.Release|Any CPU.ActiveCfg = Release|Any CPU
		{4DC5C76D-296E-4A0D-99D7-207A7A5174AB}.Release|Any CPU.Build.0 = Release|Any CPU
		{E8939231-0C0A-4155-982E-39D25E058645}.Debug|Any CPU.ActiveCfg = Debug|Any CPU
		{E8939231-0C0A-4155-982E-39D25E058645}.Debug|Any CPU.Build.0 = Debug|Any CPU
		{E8939231-0C0A-4155-982E-39D25E058645}.Release|Any CPU.ActiveCfg = Release|Any CPU
		{E8939231-0C0A-4155-982E-39D25E058645}.Release|Any CPU.Build.0 = Release|Any CPU
		{CE1EB60D-7116-4341-9D92-593CD126184A}.Debug|Any CPU.ActiveCfg = Debug|Any CPU
		{CE1EB60D-7116-4341-9D92-593CD126184A}.Debug|Any CPU.Build.0 = Debug|Any CPU
		{CE1EB60D-7116-4341-9D92-593CD126184A}.Release|Any CPU.ActiveCfg = Release|Any CPU
		{CE1EB60D-7116-4341-9D92-593CD126184A}.Release|Any CPU.Build.0 = Release|Any CPU
		{543BCB28-238E-4C32-B0D8-3481AB5CBC6B}.Debug|Any CPU.ActiveCfg = Debug|Any CPU
		{543BCB28-238E-4C32-B0D8-3481AB5CBC6B}.Debug|Any CPU.Build.0 = Debug|Any CPU
		{543BCB28-238E-4C32-B0D8-3481AB5CBC6B}.Release|Any CPU.ActiveCfg = Release|Any CPU
		{543BCB28-238E-4C32-B0D8-3481AB5CBC6B}.Release|Any CPU.Build.0 = Release|Any CPU
		{F375D36D-6AA0-426F-8318-72557ADD06B4}.Debug|Any CPU.ActiveCfg = Debug|Any CPU
		{F375D36D-6AA0-426F-8318-72557ADD06B4}.Debug|Any CPU.Build.0 = Debug|Any CPU
		{F375D36D-6AA0-426F-8318-72557ADD06B4}.Release|Any CPU.ActiveCfg = Release|Any CPU
		{F375D36D-6AA0-426F-8318-72557ADD06B4}.Release|Any CPU.Build.0 = Release|Any CPU
	EndGlobalSection
	GlobalSection(SolutionProperties) = preSolution
		HideSolutionNode = FALSE
	EndGlobalSection
	GlobalSection(NestedProjects) = preSolution
		{23ACEB98-A723-4CB5-B83A-1D6ADC331160} = {F91F7FB5-0856-4470-A778-F81E9FD93907}
		{D90239C5-7A58-4F3C-8237-A821BCBFE618} = {23ACEB98-A723-4CB5-B83A-1D6ADC331160}
		{A9BB399D-C3F0-411C-A865-A81639597B00} = {F91F7FB5-0856-4470-A778-F81E9FD93907}
		{3AB6FABD-C8EB-487A-AE82-96330790FC08} = {A9BB399D-C3F0-411C-A865-A81639597B00}
		{BDFD3314-D56E-48F0-B59E-67EB130DC9FC} = {F91F7FB5-0856-4470-A778-F81E9FD93907}
		{E41FC958-BA45-45E5-A897-5196A0AD77A6} = {BDFD3314-D56E-48F0-B59E-67EB130DC9FC}
		{D4BB0F49-BFBF-4EAD-B286-AB4CB5A6119B} = {BDFD3314-D56E-48F0-B59E-67EB130DC9FC}
		{4E89F0FB-7E07-4158-ABE9-F210AD4B4033} = {BDFD3314-D56E-48F0-B59E-67EB130DC9FC}
		{289ABA6F-1224-4EE0-9967-35D29FE6DE4E} = {BDFD3314-D56E-48F0-B59E-67EB130DC9FC}
		{393C3F78-B202-484B-ADCC-D9D5718212DF} = {BDFD3314-D56E-48F0-B59E-67EB130DC9FC}
		{62BBC8ED-6A8E-475E-AFFB-72CA8551E9BD} = {BDFD3314-D56E-48F0-B59E-67EB130DC9FC}
		{B161A20D-BA2D-40B6-B645-FA1DAF002D0E} = {BDFD3314-D56E-48F0-B59E-67EB130DC9FC}
		{3FC9F451-56B7-48EF-B5E9-85BE80025494} = {BDFD3314-D56E-48F0-B59E-67EB130DC9FC}
		{8BB71CBD-BB19-4795-B526-5569D84DC8C3} = {F91F7FB5-0856-4470-A778-F81E9FD93907}
		{C7E3E7E7-F096-4DC4-9656-C5208A79034E} = {8BB71CBD-BB19-4795-B526-5569D84DC8C3}
		{38AACF6D-7BFF-487D-85F6-C1248DBB70AD} = {8BB71CBD-BB19-4795-B526-5569D84DC8C3}
		{AB449C63-4B0C-413E-A790-9C9B95AFB892} = {8BB71CBD-BB19-4795-B526-5569D84DC8C3}
		{4DC5C76D-296E-4A0D-99D7-207A7A5174AB} = {8BB71CBD-BB19-4795-B526-5569D84DC8C3}
		{E8939231-0C0A-4155-982E-39D25E058645} = {8BB71CBD-BB19-4795-B526-5569D84DC8C3}
		{CE1EB60D-7116-4341-9D92-593CD126184A} = {8BB71CBD-BB19-4795-B526-5569D84DC8C3}
		{543BCB28-238E-4C32-B0D8-3481AB5CBC6B} = {8BB71CBD-BB19-4795-B526-5569D84DC8C3}
		{F375D36D-6AA0-426F-8318-72557ADD06B4} = {8BB71CBD-BB19-4795-B526-5569D84DC8C3}
	EndGlobalSection
	GlobalSection(ExtensibilityGlobals) = postSolution
		SolutionGuid = {F070CD38-B7E5-4DC2-B7D8-45FC024B8A20}
	EndGlobalSection
EndGlobal
