
Microsoft Visual Studio Solution File, Format Version 12.00
# Visual Studio Version 17
VisualStudioVersion = 17.5.002.0
MinimumVisualStudioVersion = 10.0.40219.1
Project("{2150E333-8FDC-42A3-9474-1A3956D46DE8}") = "ejercicios", "ejercicios", "{AE38647C-7AB8-483B-A7AC-8DB2A6466823}"
EndProject
Project("{2150E333-8FDC-42A3-9474-1A3956D46DE8}") = "video1", "video1", "{7093F4CA-7635-44B4-B71F-ED9E6B638A39}"
EndProject
Project("{9A19103F-16F7-4668-BE54-9A1E7A4F7556}") = "AminesApi", "ejercicios\video1\AminesApi\AminesApi.csproj", "{3B30320C-D8FA-4185-BD6F-143C267E3BE5}"
EndProject
Project("{2150E333-8FDC-42A3-9474-1A3956D46DE8}") = "video2", "video2", "{D6AE9AAF-193E-4DC0-B28A-D61D2D4E73DD}"
EndProject
Project("{9A19103F-16F7-4668-BE54-9A1E7A4F7556}") = "AminesApi", "ejercicios\video2\AminesApi\AminesApi.csproj", "{9E8E2917-B98E-41A6-89CB-B16804561AD7}"
EndProject
Project("{2150E333-8FDC-42A3-9474-1A3956D46DE8}") = "video4", "video4", "{ED59AEFF-F459-434C-92B8-F2B38F0B3B64}"
EndProject
Project("{9A19103F-16F7-4668-BE54-9A1E7A4F7556}") = "AddAdult", "ejercicios\video4\AddAdult\AddAdult.csproj", "{839E2F92-38B9-4013-A0C1-84849A44EFCF}"
EndProject
Project("{9A19103F-16F7-4668-BE54-9A1E7A4F7556}") = "AddChildren", "ejercicios\video4\AddChildren\AddChildren.csproj", "{C2E951ED-BAC4-4044-8713-7247952FB96A}"
EndProject
Project("{9A19103F-16F7-4668-BE54-9A1E7A4F7556}") = "AddMember", "ejercicios\video4\AddMember\AddMember.csproj", "{A1E874B0-83B9-445C-88FB-B030B07315EE}"
EndProject
Project("{9A19103F-16F7-4668-BE54-9A1E7A4F7556}") = "BlobUpload", "ejercicios\video4\BlobUpload\BlobUpload.csproj", "{56743F5F-F1FE-475B-8D45-961F936F3607}"
EndProject
Project("{9A19103F-16F7-4668-BE54-9A1E7A4F7556}") = "GetAdultById", "ejercicios\video4\GetAdultById\GetAdultById.csproj", "{3BC850B3-0A4D-45DF-BD5A-112B0DDF29CD}"
EndProject
Project("{9A19103F-16F7-4668-BE54-9A1E7A4F7556}") = "GetAdults", "ejercicios\video4\GetAdults\GetAdults.csproj", "{04EA2540-1C82-422A-8BB3-E823827E7C71}"
EndProject
Project("{9A19103F-16F7-4668-BE54-9A1E7A4F7556}") = "GetChildById", "ejercicios\video4\GetChildById\GetChildById.csproj", "{53F4047A-F03A-4B5A-9D68-8E23BD00C5C3}"
EndProject
Project("{9A19103F-16F7-4668-BE54-9A1E7A4F7556}") = "GetChildren", "ejercicios\video4\GetChildren\GetChildren.csproj", "{00E963AC-17FC-4DBC-82B8-DFDBE0862083}"
EndProject
Project("{2150E333-8FDC-42A3-9474-1A3956D46DE8}") = "video5", "video5", "{48F72173-E89C-4335-8397-ED51C2F054B3}"
EndProject
Project("{9A19103F-16F7-4668-BE54-9A1E7A4F7556}") = "AddMember", "ejercicios\video5\AddMember\AddMember.csproj", "{48969313-F003-48BC-BFD4-A2EB90E81F39}"
EndProject
Project("{2150E333-8FDC-42A3-9474-1A3956D46DE8}") = "video6", "video6", "{18B16F59-991C-42DC-A41B-450DA0910E38}"
EndProject
Project("{9A19103F-16F7-4668-BE54-9A1E7A4F7556}") = "AddAdult", "ejercicios\video6\AddAdult\AddAdult.csproj", "{0684F631-A80D-41CC-8F6F-7F790DFCAB49}"
EndProject
Project("{9A19103F-16F7-4668-BE54-9A1E7A4F7556}") = "AddChildren", "ejercicios\video6\AddChildren\AddChildren.csproj", "{5BDBBB75-73DB-4D42-9583-F66549CBFE04}"
EndProject
Project("{9A19103F-16F7-4668-BE54-9A1E7A4F7556}") = "AddMember", "ejercicios\video6\AddMember\AddMember.csproj", "{516B69F4-6692-4DE1-9FD7-80BA02337EDE}"
EndProject
Project("{2150E333-8FDC-42A3-9474-1A3956D46DE8}") = "video7", "video7", "{5DD31702-8142-4E36-8D78-42A9A93BCEE6}"
EndProject
Project("{9A19103F-16F7-4668-BE54-9A1E7A4F7556}") = "AddAdult", "ejercicios\video7\AddAdult\AddAdult.csproj", "{D3A40B9F-6CAA-4F1E-973D-3D1687405EF6}"
EndProject
Project("{9A19103F-16F7-4668-BE54-9A1E7A4F7556}") = "AddChildren", "ejercicios\video7\AddChildren\AddChildren.csproj", "{8F4E7D56-E242-4DEF-A546-242D9A0F88BD}"
EndProject
Project("{9A19103F-16F7-4668-BE54-9A1E7A4F7556}") = "AddMember", "ejercicios\video7\AddMember\AddMember.csproj", "{F7A974E4-CD44-4594-94E2-F9827CFDC053}"
EndProject
Project("{9A19103F-16F7-4668-BE54-9A1E7A4F7556}") = "BlobUpload", "ejercicios\video7\BlobUpload\BlobUpload.csproj", "{607113D0-4032-4C1F-8028-8EBB33BC82D6}"
EndProject
Project("{9A19103F-16F7-4668-BE54-9A1E7A4F7556}") = "GetAdultById", "ejercicios\video7\GetAdultById\GetAdultById.csproj", "{A2DA1B74-65CC-45EF-A8AB-167EBEECFA2F}"
EndProject
Project("{9A19103F-16F7-4668-BE54-9A1E7A4F7556}") = "GetAdults", "ejercicios\video7\GetAdults\GetAdults.csproj", "{51BB3BB7-D569-4AB3-8A6D-82197A337FD4}"
EndProject
Project("{9A19103F-16F7-4668-BE54-9A1E7A4F7556}") = "GetChildById", "ejercicios\video7\GetChildById\GetChildById.csproj", "{89037AA0-61D2-463E-98E4-EE4FDE736681}"
EndProject
Project("{9A19103F-16F7-4668-BE54-9A1E7A4F7556}") = "GetChildren", "ejercicios\video7\GetChildren\GetChildren.csproj", "{34372A5D-EDE0-41A7-8863-A266C843C57A}"
EndProject
Project("{2150E333-8FDC-42A3-9474-1A3956D46DE8}") = "video8", "video8", "{03214391-6284-4852-AEDA-E099A888DAB3}"
EndProject
Project("{9A19103F-16F7-4668-BE54-9A1E7A4F7556}") = "AddAdult", "ejercicios\video8\AddAdult\AddAdult.csproj", "{469AC6AB-ED48-42C4-BD03-718F62CD85C4}"
EndProject
Project("{9A19103F-16F7-4668-BE54-9A1E7A4F7556}") = "AddChildren", "ejercicios\video8\AddChildren\AddChildren.csproj", "{1A6C01CD-EFB2-4630-95BE-FDE8AD2C218A}"
EndProject
Project("{9A19103F-16F7-4668-BE54-9A1E7A4F7556}") = "AddMember", "ejercicios\video8\AddMember\AddMember.csproj", "{5C90995C-FE20-4F57-8F85-A0EDB84BB065}"
EndProject
Project("{9A19103F-16F7-4668-BE54-9A1E7A4F7556}") = "BlobUpload", "ejercicios\video8\BlobUpload\BlobUpload.csproj", "{3034E942-7B93-49DF-8A86-6E752042C9F7}"
EndProject
Project("{9A19103F-16F7-4668-BE54-9A1E7A4F7556}") = "GetAdultById", "ejercicios\video8\GetAdultById\GetAdultById.csproj", "{7023D9D6-836A-4689-890C-80218C6D43FD}"
EndProject
Project("{9A19103F-16F7-4668-BE54-9A1E7A4F7556}") = "GetAdults", "ejercicios\video8\GetAdults\GetAdults.csproj", "{A9D2B3F1-CB43-4B71-808B-73CE7F65A97B}"
EndProject
Project("{9A19103F-16F7-4668-BE54-9A1E7A4F7556}") = "GetChildById", "ejercicios\video8\GetChildById\GetChildById.csproj", "{AB85AB57-1726-4BDE-8EAF-7FC463E06679}"
EndProject
Project("{9A19103F-16F7-4668-BE54-9A1E7A4F7556}") = "GetChildren", "ejercicios\video8\GetChildren\GetChildren.csproj", "{505211C5-6DA3-45CD-8386-17EDF88024B7}"
EndProject
Project("{2150E333-8FDC-42A3-9474-1A3956D46DE8}") = "video9", "video9", "{BD55662E-4251-4D01-9826-14B8C2C8D211}"
EndProject
Project("{9A19103F-16F7-4668-BE54-9A1E7A4F7556}") = "AddAdult", "ejercicios\video9\AddAdult\AddAdult.csproj", "{4F8AB6CC-BD5B-48FF-9A2D-37DF4F28C65D}"
EndProject
Global
	GlobalSection(SolutionConfigurationPlatforms) = preSolution
		Debug|Any CPU = Debug|Any CPU
		Release|Any CPU = Release|Any CPU
	EndGlobalSection
	GlobalSection(ProjectConfigurationPlatforms) = postSolution
		{3B30320C-D8FA-4185-BD6F-143C267E3BE5}.Debug|Any CPU.ActiveCfg = Debug|Any CPU
		{3B30320C-D8FA-4185-BD6F-143C267E3BE5}.Debug|Any CPU.Build.0 = Debug|Any CPU
		{3B30320C-D8FA-4185-BD6F-143C267E3BE5}.Release|Any CPU.ActiveCfg = Release|Any CPU
		{3B30320C-D8FA-4185-BD6F-143C267E3BE5}.Release|Any CPU.Build.0 = Release|Any CPU
		{9E8E2917-B98E-41A6-89CB-B16804561AD7}.Debug|Any CPU.ActiveCfg = Debug|Any CPU
		{9E8E2917-B98E-41A6-89CB-B16804561AD7}.Debug|Any CPU.Build.0 = Debug|Any CPU
		{9E8E2917-B98E-41A6-89CB-B16804561AD7}.Release|Any CPU.ActiveCfg = Release|Any CPU
		{9E8E2917-B98E-41A6-89CB-B16804561AD7}.Release|Any CPU.Build.0 = Release|Any CPU
		{839E2F92-38B9-4013-A0C1-84849A44EFCF}.Debug|Any CPU.ActiveCfg = Debug|Any CPU
		{839E2F92-38B9-4013-A0C1-84849A44EFCF}.Debug|Any CPU.Build.0 = Debug|Any CPU
		{839E2F92-38B9-4013-A0C1-84849A44EFCF}.Release|Any CPU.ActiveCfg = Release|Any CPU
		{839E2F92-38B9-4013-A0C1-84849A44EFCF}.Release|Any CPU.Build.0 = Release|Any CPU
		{C2E951ED-BAC4-4044-8713-7247952FB96A}.Debug|Any CPU.ActiveCfg = Debug|Any CPU
		{C2E951ED-BAC4-4044-8713-7247952FB96A}.Debug|Any CPU.Build.0 = Debug|Any CPU
		{C2E951ED-BAC4-4044-8713-7247952FB96A}.Release|Any CPU.ActiveCfg = Release|Any CPU
		{C2E951ED-BAC4-4044-8713-7247952FB96A}.Release|Any CPU.Build.0 = Release|Any CPU
		{A1E874B0-83B9-445C-88FB-B030B07315EE}.Debug|Any CPU.ActiveCfg = Debug|Any CPU
		{A1E874B0-83B9-445C-88FB-B030B07315EE}.Debug|Any CPU.Build.0 = Debug|Any CPU
		{A1E874B0-83B9-445C-88FB-B030B07315EE}.Release|Any CPU.ActiveCfg = Release|Any CPU
		{A1E874B0-83B9-445C-88FB-B030B07315EE}.Release|Any CPU.Build.0 = Release|Any CPU
		{56743F5F-F1FE-475B-8D45-961F936F3607}.Debug|Any CPU.ActiveCfg = Debug|Any CPU
		{56743F5F-F1FE-475B-8D45-961F936F3607}.Debug|Any CPU.Build.0 = Debug|Any CPU
		{56743F5F-F1FE-475B-8D45-961F936F3607}.Release|Any CPU.ActiveCfg = Release|Any CPU
		{56743F5F-F1FE-475B-8D45-961F936F3607}.Release|Any CPU.Build.0 = Release|Any CPU
		{3BC850B3-0A4D-45DF-BD5A-112B0DDF29CD}.Debug|Any CPU.ActiveCfg = Debug|Any CPU
		{3BC850B3-0A4D-45DF-BD5A-112B0DDF29CD}.Debug|Any CPU.Build.0 = Debug|Any CPU
		{3BC850B3-0A4D-45DF-BD5A-112B0DDF29CD}.Release|Any CPU.ActiveCfg = Release|Any CPU
		{3BC850B3-0A4D-45DF-BD5A-112B0DDF29CD}.Release|Any CPU.Build.0 = Release|Any CPU
		{04EA2540-1C82-422A-8BB3-E823827E7C71}.Debug|Any CPU.ActiveCfg = Debug|Any CPU
		{04EA2540-1C82-422A-8BB3-E823827E7C71}.Debug|Any CPU.Build.0 = Debug|Any CPU
		{04EA2540-1C82-422A-8BB3-E823827E7C71}.Release|Any CPU.ActiveCfg = Release|Any CPU
		{04EA2540-1C82-422A-8BB3-E823827E7C71}.Release|Any CPU.Build.0 = Release|Any CPU
		{53F4047A-F03A-4B5A-9D68-8E23BD00C5C3}.Debug|Any CPU.ActiveCfg = Debug|Any CPU
		{53F4047A-F03A-4B5A-9D68-8E23BD00C5C3}.Debug|Any CPU.Build.0 = Debug|Any CPU
		{53F4047A-F03A-4B5A-9D68-8E23BD00C5C3}.Release|Any CPU.ActiveCfg = Release|Any CPU
		{53F4047A-F03A-4B5A-9D68-8E23BD00C5C3}.Release|Any CPU.Build.0 = Release|Any CPU
		{00E963AC-17FC-4DBC-82B8-DFDBE0862083}.Debug|Any CPU.ActiveCfg = Debug|Any CPU
		{00E963AC-17FC-4DBC-82B8-DFDBE0862083}.Debug|Any CPU.Build.0 = Debug|Any CPU
		{00E963AC-17FC-4DBC-82B8-DFDBE0862083}.Release|Any CPU.ActiveCfg = Release|Any CPU
		{00E963AC-17FC-4DBC-82B8-DFDBE0862083}.Release|Any CPU.Build.0 = Release|Any CPU
		{48969313-F003-48BC-BFD4-A2EB90E81F39}.Debug|Any CPU.ActiveCfg = Debug|Any CPU
		{48969313-F003-48BC-BFD4-A2EB90E81F39}.Debug|Any CPU.Build.0 = Debug|Any CPU
		{48969313-F003-48BC-BFD4-A2EB90E81F39}.Release|Any CPU.ActiveCfg = Release|Any CPU
		{48969313-F003-48BC-BFD4-A2EB90E81F39}.Release|Any CPU.Build.0 = Release|Any CPU
		{0684F631-A80D-41CC-8F6F-7F790DFCAB49}.Debug|Any CPU.ActiveCfg = Debug|Any CPU
		{0684F631-A80D-41CC-8F6F-7F790DFCAB49}.Debug|Any CPU.Build.0 = Debug|Any CPU
		{0684F631-A80D-41CC-8F6F-7F790DFCAB49}.Release|Any CPU.ActiveCfg = Release|Any CPU
		{0684F631-A80D-41CC-8F6F-7F790DFCAB49}.Release|Any CPU.Build.0 = Release|Any CPU
		{5BDBBB75-73DB-4D42-9583-F66549CBFE04}.Debug|Any CPU.ActiveCfg = Debug|Any CPU
		{5BDBBB75-73DB-4D42-9583-F66549CBFE04}.Debug|Any CPU.Build.0 = Debug|Any CPU
		{5BDBBB75-73DB-4D42-9583-F66549CBFE04}.Release|Any CPU.ActiveCfg = Release|Any CPU
		{5BDBBB75-73DB-4D42-9583-F66549CBFE04}.Release|Any CPU.Build.0 = Release|Any CPU
		{516B69F4-6692-4DE1-9FD7-80BA02337EDE}.Debug|Any CPU.ActiveCfg = Debug|Any CPU
		{516B69F4-6692-4DE1-9FD7-80BA02337EDE}.Debug|Any CPU.Build.0 = Debug|Any CPU
		{516B69F4-6692-4DE1-9FD7-80BA02337EDE}.Release|Any CPU.ActiveCfg = Release|Any CPU
		{516B69F4-6692-4DE1-9FD7-80BA02337EDE}.Release|Any CPU.Build.0 = Release|Any CPU
		{D3A40B9F-6CAA-4F1E-973D-3D1687405EF6}.Debug|Any CPU.ActiveCfg = Debug|Any CPU
		{D3A40B9F-6CAA-4F1E-973D-3D1687405EF6}.Debug|Any CPU.Build.0 = Debug|Any CPU
		{D3A40B9F-6CAA-4F1E-973D-3D1687405EF6}.Release|Any CPU.ActiveCfg = Release|Any CPU
		{D3A40B9F-6CAA-4F1E-973D-3D1687405EF6}.Release|Any CPU.Build.0 = Release|Any CPU
		{8F4E7D56-E242-4DEF-A546-242D9A0F88BD}.Debug|Any CPU.ActiveCfg = Debug|Any CPU
		{8F4E7D56-E242-4DEF-A546-242D9A0F88BD}.Debug|Any CPU.Build.0 = Debug|Any CPU
		{8F4E7D56-E242-4DEF-A546-242D9A0F88BD}.Release|Any CPU.ActiveCfg = Release|Any CPU
		{8F4E7D56-E242-4DEF-A546-242D9A0F88BD}.Release|Any CPU.Build.0 = Release|Any CPU
		{F7A974E4-CD44-4594-94E2-F9827CFDC053}.Debug|Any CPU.ActiveCfg = Debug|Any CPU
		{F7A974E4-CD44-4594-94E2-F9827CFDC053}.Debug|Any CPU.Build.0 = Debug|Any CPU
		{F7A974E4-CD44-4594-94E2-F9827CFDC053}.Release|Any CPU.ActiveCfg = Release|Any CPU
		{F7A974E4-CD44-4594-94E2-F9827CFDC053}.Release|Any CPU.Build.0 = Release|Any CPU
		{607113D0-4032-4C1F-8028-8EBB33BC82D6}.Debug|Any CPU.ActiveCfg = Debug|Any CPU
		{607113D0-4032-4C1F-8028-8EBB33BC82D6}.Debug|Any CPU.Build.0 = Debug|Any CPU
		{607113D0-4032-4C1F-8028-8EBB33BC82D6}.Release|Any CPU.ActiveCfg = Release|Any CPU
		{607113D0-4032-4C1F-8028-8EBB33BC82D6}.Release|Any CPU.Build.0 = Release|Any CPU
		{A2DA1B74-65CC-45EF-A8AB-167EBEECFA2F}.Debug|Any CPU.ActiveCfg = Debug|Any CPU
		{A2DA1B74-65CC-45EF-A8AB-167EBEECFA2F}.Debug|Any CPU.Build.0 = Debug|Any CPU
		{A2DA1B74-65CC-45EF-A8AB-167EBEECFA2F}.Release|Any CPU.ActiveCfg = Release|Any CPU
		{A2DA1B74-65CC-45EF-A8AB-167EBEECFA2F}.Release|Any CPU.Build.0 = Release|Any CPU
		{51BB3BB7-D569-4AB3-8A6D-82197A337FD4}.Debug|Any CPU.ActiveCfg = Debug|Any CPU
		{51BB3BB7-D569-4AB3-8A6D-82197A337FD4}.Debug|Any CPU.Build.0 = Debug|Any CPU
		{51BB3BB7-D569-4AB3-8A6D-82197A337FD4}.Release|Any CPU.ActiveCfg = Release|Any CPU
		{51BB3BB7-D569-4AB3-8A6D-82197A337FD4}.Release|Any CPU.Build.0 = Release|Any CPU
		{89037AA0-61D2-463E-98E4-EE4FDE736681}.Debug|Any CPU.ActiveCfg = Debug|Any CPU
		{89037AA0-61D2-463E-98E4-EE4FDE736681}.Debug|Any CPU.Build.0 = Debug|Any CPU
		{89037AA0-61D2-463E-98E4-EE4FDE736681}.Release|Any CPU.ActiveCfg = Release|Any CPU
		{89037AA0-61D2-463E-98E4-EE4FDE736681}.Release|Any CPU.Build.0 = Release|Any CPU
		{34372A5D-EDE0-41A7-8863-A266C843C57A}.Debug|Any CPU.ActiveCfg = Debug|Any CPU
		{34372A5D-EDE0-41A7-8863-A266C843C57A}.Debug|Any CPU.Build.0 = Debug|Any CPU
		{34372A5D-EDE0-41A7-8863-A266C843C57A}.Release|Any CPU.ActiveCfg = Release|Any CPU
		{34372A5D-EDE0-41A7-8863-A266C843C57A}.Release|Any CPU.Build.0 = Release|Any CPU
		{469AC6AB-ED48-42C4-BD03-718F62CD85C4}.Debug|Any CPU.ActiveCfg = Debug|Any CPU
		{469AC6AB-ED48-42C4-BD03-718F62CD85C4}.Debug|Any CPU.Build.0 = Debug|Any CPU
		{469AC6AB-ED48-42C4-BD03-718F62CD85C4}.Release|Any CPU.ActiveCfg = Release|Any CPU
		{469AC6AB-ED48-42C4-BD03-718F62CD85C4}.Release|Any CPU.Build.0 = Release|Any CPU
		{1A6C01CD-EFB2-4630-95BE-FDE8AD2C218A}.Debug|Any CPU.ActiveCfg = Debug|Any CPU
		{1A6C01CD-EFB2-4630-95BE-FDE8AD2C218A}.Debug|Any CPU.Build.0 = Debug|Any CPU
		{1A6C01CD-EFB2-4630-95BE-FDE8AD2C218A}.Release|Any CPU.ActiveCfg = Release|Any CPU
		{1A6C01CD-EFB2-4630-95BE-FDE8AD2C218A}.Release|Any CPU.Build.0 = Release|Any CPU
		{5C90995C-FE20-4F57-8F85-A0EDB84BB065}.Debug|Any CPU.ActiveCfg = Debug|Any CPU
		{5C90995C-FE20-4F57-8F85-A0EDB84BB065}.Debug|Any CPU.Build.0 = Debug|Any CPU
		{5C90995C-FE20-4F57-8F85-A0EDB84BB065}.Release|Any CPU.ActiveCfg = Release|Any CPU
		{5C90995C-FE20-4F57-8F85-A0EDB84BB065}.Release|Any CPU.Build.0 = Release|Any CPU
		{3034E942-7B93-49DF-8A86-6E752042C9F7}.Debug|Any CPU.ActiveCfg = Debug|Any CPU
		{3034E942-7B93-49DF-8A86-6E752042C9F7}.Debug|Any CPU.Build.0 = Debug|Any CPU
		{3034E942-7B93-49DF-8A86-6E752042C9F7}.Release|Any CPU.ActiveCfg = Release|Any CPU
		{3034E942-7B93-49DF-8A86-6E752042C9F7}.Release|Any CPU.Build.0 = Release|Any CPU
		{7023D9D6-836A-4689-890C-80218C6D43FD}.Debug|Any CPU.ActiveCfg = Debug|Any CPU
		{7023D9D6-836A-4689-890C-80218C6D43FD}.Debug|Any CPU.Build.0 = Debug|Any CPU
		{7023D9D6-836A-4689-890C-80218C6D43FD}.Release|Any CPU.ActiveCfg = Release|Any CPU
		{7023D9D6-836A-4689-890C-80218C6D43FD}.Release|Any CPU.Build.0 = Release|Any CPU
		{A9D2B3F1-CB43-4B71-808B-73CE7F65A97B}.Debug|Any CPU.ActiveCfg = Debug|Any CPU
		{A9D2B3F1-CB43-4B71-808B-73CE7F65A97B}.Debug|Any CPU.Build.0 = Debug|Any CPU
		{A9D2B3F1-CB43-4B71-808B-73CE7F65A97B}.Release|Any CPU.ActiveCfg = Release|Any CPU
		{A9D2B3F1-CB43-4B71-808B-73CE7F65A97B}.Release|Any CPU.Build.0 = Release|Any CPU
		{AB85AB57-1726-4BDE-8EAF-7FC463E06679}.Debug|Any CPU.ActiveCfg = Debug|Any CPU
		{AB85AB57-1726-4BDE-8EAF-7FC463E06679}.Debug|Any CPU.Build.0 = Debug|Any CPU
		{AB85AB57-1726-4BDE-8EAF-7FC463E06679}.Release|Any CPU.ActiveCfg = Release|Any CPU
		{AB85AB57-1726-4BDE-8EAF-7FC463E06679}.Release|Any CPU.Build.0 = Release|Any CPU
		{505211C5-6DA3-45CD-8386-17EDF88024B7}.Debug|Any CPU.ActiveCfg = Debug|Any CPU
		{505211C5-6DA3-45CD-8386-17EDF88024B7}.Debug|Any CPU.Build.0 = Debug|Any CPU
		{505211C5-6DA3-45CD-8386-17EDF88024B7}.Release|Any CPU.ActiveCfg = Release|Any CPU
		{505211C5-6DA3-45CD-8386-17EDF88024B7}.Release|Any CPU.Build.0 = Release|Any CPU
		{4F8AB6CC-BD5B-48FF-9A2D-37DF4F28C65D}.Debug|Any CPU.ActiveCfg = Debug|Any CPU
		{4F8AB6CC-BD5B-48FF-9A2D-37DF4F28C65D}.Debug|Any CPU.Build.0 = Debug|Any CPU
		{4F8AB6CC-BD5B-48FF-9A2D-37DF4F28C65D}.Release|Any CPU.ActiveCfg = Release|Any CPU
		{4F8AB6CC-BD5B-48FF-9A2D-37DF4F28C65D}.Release|Any CPU.Build.0 = Release|Any CPU
	EndGlobalSection
	GlobalSection(SolutionProperties) = preSolution
		HideSolutionNode = FALSE
	EndGlobalSection
	GlobalSection(NestedProjects) = preSolution
		{7093F4CA-7635-44B4-B71F-ED9E6B638A39} = {AE38647C-7AB8-483B-A7AC-8DB2A6466823}
		{3B30320C-D8FA-4185-BD6F-143C267E3BE5} = {7093F4CA-7635-44B4-B71F-ED9E6B638A39}
		{D6AE9AAF-193E-4DC0-B28A-D61D2D4E73DD} = {AE38647C-7AB8-483B-A7AC-8DB2A6466823}
		{9E8E2917-B98E-41A6-89CB-B16804561AD7} = {D6AE9AAF-193E-4DC0-B28A-D61D2D4E73DD}
		{ED59AEFF-F459-434C-92B8-F2B38F0B3B64} = {AE38647C-7AB8-483B-A7AC-8DB2A6466823}
		{839E2F92-38B9-4013-A0C1-84849A44EFCF} = {ED59AEFF-F459-434C-92B8-F2B38F0B3B64}
		{C2E951ED-BAC4-4044-8713-7247952FB96A} = {ED59AEFF-F459-434C-92B8-F2B38F0B3B64}
		{A1E874B0-83B9-445C-88FB-B030B07315EE} = {ED59AEFF-F459-434C-92B8-F2B38F0B3B64}
		{56743F5F-F1FE-475B-8D45-961F936F3607} = {ED59AEFF-F459-434C-92B8-F2B38F0B3B64}
		{3BC850B3-0A4D-45DF-BD5A-112B0DDF29CD} = {ED59AEFF-F459-434C-92B8-F2B38F0B3B64}
		{04EA2540-1C82-422A-8BB3-E823827E7C71} = {ED59AEFF-F459-434C-92B8-F2B38F0B3B64}
		{53F4047A-F03A-4B5A-9D68-8E23BD00C5C3} = {ED59AEFF-F459-434C-92B8-F2B38F0B3B64}
		{00E963AC-17FC-4DBC-82B8-DFDBE0862083} = {ED59AEFF-F459-434C-92B8-F2B38F0B3B64}
		{48F72173-E89C-4335-8397-ED51C2F054B3} = {AE38647C-7AB8-483B-A7AC-8DB2A6466823}
		{48969313-F003-48BC-BFD4-A2EB90E81F39} = {48F72173-E89C-4335-8397-ED51C2F054B3}
		{18B16F59-991C-42DC-A41B-450DA0910E38} = {AE38647C-7AB8-483B-A7AC-8DB2A6466823}
		{0684F631-A80D-41CC-8F6F-7F790DFCAB49} = {18B16F59-991C-42DC-A41B-450DA0910E38}
		{5BDBBB75-73DB-4D42-9583-F66549CBFE04} = {18B16F59-991C-42DC-A41B-450DA0910E38}
		{516B69F4-6692-4DE1-9FD7-80BA02337EDE} = {18B16F59-991C-42DC-A41B-450DA0910E38}
		{5DD31702-8142-4E36-8D78-42A9A93BCEE6} = {AE38647C-7AB8-483B-A7AC-8DB2A6466823}
		{D3A40B9F-6CAA-4F1E-973D-3D1687405EF6} = {5DD31702-8142-4E36-8D78-42A9A93BCEE6}
		{8F4E7D56-E242-4DEF-A546-242D9A0F88BD} = {5DD31702-8142-4E36-8D78-42A9A93BCEE6}
		{F7A974E4-CD44-4594-94E2-F9827CFDC053} = {5DD31702-8142-4E36-8D78-42A9A93BCEE6}
		{607113D0-4032-4C1F-8028-8EBB33BC82D6} = {5DD31702-8142-4E36-8D78-42A9A93BCEE6}
		{A2DA1B74-65CC-45EF-A8AB-167EBEECFA2F} = {5DD31702-8142-4E36-8D78-42A9A93BCEE6}
		{51BB3BB7-D569-4AB3-8A6D-82197A337FD4} = {5DD31702-8142-4E36-8D78-42A9A93BCEE6}
		{89037AA0-61D2-463E-98E4-EE4FDE736681} = {5DD31702-8142-4E36-8D78-42A9A93BCEE6}
		{34372A5D-EDE0-41A7-8863-A266C843C57A} = {5DD31702-8142-4E36-8D78-42A9A93BCEE6}
		{03214391-6284-4852-AEDA-E099A888DAB3} = {AE38647C-7AB8-483B-A7AC-8DB2A6466823}
		{469AC6AB-ED48-42C4-BD03-718F62CD85C4} = {03214391-6284-4852-AEDA-E099A888DAB3}
		{1A6C01CD-EFB2-4630-95BE-FDE8AD2C218A} = {03214391-6284-4852-AEDA-E099A888DAB3}
		{5C90995C-FE20-4F57-8F85-A0EDB84BB065} = {03214391-6284-4852-AEDA-E099A888DAB3}
		{3034E942-7B93-49DF-8A86-6E752042C9F7} = {03214391-6284-4852-AEDA-E099A888DAB3}
		{7023D9D6-836A-4689-890C-80218C6D43FD} = {03214391-6284-4852-AEDA-E099A888DAB3}
		{A9D2B3F1-CB43-4B71-808B-73CE7F65A97B} = {03214391-6284-4852-AEDA-E099A888DAB3}
		{AB85AB57-1726-4BDE-8EAF-7FC463E06679} = {03214391-6284-4852-AEDA-E099A888DAB3}
		{505211C5-6DA3-45CD-8386-17EDF88024B7} = {03214391-6284-4852-AEDA-E099A888DAB3}
		{BD55662E-4251-4D01-9826-14B8C2C8D211} = {AE38647C-7AB8-483B-A7AC-8DB2A6466823}
		{4F8AB6CC-BD5B-48FF-9A2D-37DF4F28C65D} = {BD55662E-4251-4D01-9826-14B8C2C8D211}
	EndGlobalSection
	GlobalSection(ExtensibilityGlobals) = postSolution
		SolutionGuid = {DD5B8377-2703-49A3-9237-4F8B7311A6DE}
	EndGlobalSection
EndGlobal
